PODS:
  - cc_bridge (0.1.0):
    - Flutter
  - Flutter (1.0.0)

DEPENDENCIES:
  - cc_bridge (from `.symlinks/plugins/cc_bridge/ios`)
  - Flutter (from `Flutter`)

EXTERNAL SOURCES:
  cc_bridge:
    :path: ".symlinks/plugins/cc_bridge/ios"
  Flutter:
    :path: Flutter

SPEC CHECKSUMS:
  cc_bridge: 526a6775c6d4a83d4f82d1e05487aa1f7810c3ec
  Flutter: 71a624a5bc0c04062bf19101d501e466baf2fb47

PODFILE CHECKSUM: e1bdbc0cb4674261af7b864b27699894ce279ab0

COCOAPODS: 1.17.0
